
Microsoft Visual Studio Solution File, Format Version 12.00
# Visual Studio Version 17
VisualStudioVersion = 17.6.33723.286
MinimumVisualStudioVersion = 10.0.40219.1
Project("{FAE04EC0-301F-11D3-BF4B-00C04F79EFBC}") = "MeinErsterService", "MeinErsterService\MeinErsterService.csproj", "{467252E4-FFBC-49A9-9E42-0C9D544D216E}"
EndProject
Global
	GlobalSection(SolutionConfigurationPlatforms) = preSolution
		Debug|Any CPU = Debug|Any CPU
		Release|Any CPU = Release|Any CPU
	EndGlobalSection
	GlobalSection(ProjectConfigurationPlatforms) = postSolution
		{467252E4-FFBC-49A9-9E42-0C9D544D216E}.Debug|Any CPU.ActiveCfg = Debug|Any CPU
		{467252E4-FFBC-49A9-9E42-0C9D544D216E}.Debug|Any CPU.Build.0 = Debug|Any CPU
		{467252E4-FFBC-49A9-9E42-0C9D544D216E}.Release|Any CPU.ActiveCfg = Release|Any CPU
		{467252E4-FFBC-49A9-9E42-0C9D544D216E}.Release|Any CPU.Build.0 = Release|Any CPU
	EndGlobalSection
	GlobalSection(SolutionProperties) = preSolution
		HideSolutionNode = FALSE
	EndGlobalSection
	GlobalSection(ExtensibilityGlobals) = postSolution
		SolutionGuid = {1AA9E09A-D2D0-4F3F-8E92-4E1C8CF2530D}
	EndGlobalSection
EndGlobal
