
Microsoft Visual Studio Solution File, Format Version 12.00
# Visual Studio Version 17
VisualStudioVersion = 17.6.33723.286
MinimumVisualStudioVersion = 10.0.40219.1
Project("{9A19103F-16F7-4668-BE54-9A1E7A4F7556}") = "MyFirstService", "MyFirstService\MyFirstService.csproj", "{73F20893-32C7-4717-8647-5F8FEEC4C55C}"
EndProject
Project("{9A19103F-16F7-4668-BE54-9A1E7A4F7556}") = "MyFirstWinFormsApp", "MyFirstWinFormsApp\MyFirstWinFormsApp.csproj", "{0B45F2DF-C81A-445C-9F46-C54346D1558D}"
EndProject
Project("{FAE04EC0-301F-11D3-BF4B-00C04F79EFBC}") = "Calculator", "Calculator\Calculator.csproj", "{0B11E4B1-199E-4253-9570-6EBA4956AFE4}"
EndProject
Global
	GlobalSection(SolutionConfigurationPlatforms) = preSolution
		Debug|Any CPU = Debug|Any CPU
		Release|Any CPU = Release|Any CPU
	EndGlobalSection
	GlobalSection(ProjectConfigurationPlatforms) = postSolution
		{73F20893-32C7-4717-8647-5F8FEEC4C55C}.Debug|Any CPU.ActiveCfg = Debug|Any CPU
		{73F20893-32C7-4717-8647-5F8FEEC4C55C}.Debug|Any CPU.Build.0 = Debug|Any CPU
		{73F20893-32C7-4717-8647-5F8FEEC4C55C}.Release|Any CPU.ActiveCfg = Release|Any CPU
		{73F20893-32C7-4717-8647-5F8FEEC4C55C}.Release|Any CPU.Build.0 = Release|Any CPU
		{0B45F2DF-C81A-445C-9F46-C54346D1558D}.Debug|Any CPU.ActiveCfg = Debug|Any CPU
		{0B45F2DF-C81A-445C-9F46-C54346D1558D}.Debug|Any CPU.Build.0 = Debug|Any CPU
		{0B45F2DF-C81A-445C-9F46-C54346D1558D}.Release|Any CPU.ActiveCfg = Release|Any CPU
		{0B45F2DF-C81A-445C-9F46-C54346D1558D}.Release|Any CPU.Build.0 = Release|Any CPU
		{0B11E4B1-199E-4253-9570-6EBA4956AFE4}.Debug|Any CPU.ActiveCfg = Debug|Any CPU
		{0B11E4B1-199E-4253-9570-6EBA4956AFE4}.Debug|Any CPU.Build.0 = Debug|Any CPU
		{0B11E4B1-199E-4253-9570-6EBA4956AFE4}.Release|Any CPU.ActiveCfg = Release|Any CPU
		{0B11E4B1-199E-4253-9570-6EBA4956AFE4}.Release|Any CPU.Build.0 = Release|Any CPU
	EndGlobalSection
	GlobalSection(SolutionProperties) = preSolution
		HideSolutionNode = FALSE
	EndGlobalSection
	GlobalSection(ExtensibilityGlobals) = postSolution
		SolutionGuid = {1AA9E09A-D2D0-4F3F-8E92-4E1C8CF2530D}
	EndGlobalSection
EndGlobal
